
Microsoft Visual Studio Solution File, Format Version 12.00
# Visual Studio Version 16
VisualStudioVersion = 16.0.32901.82
MinimumVisualStudioVersion = 10.0.40219.1
Project("{FAE04EC0-301F-11D3-BF4B-00C04F79EFBC}") = "WpfApp5", "WpfApp5.csproj", "{CE0A96B1-AB95-4858-B0D3-04E2D5E2FCAB}"
EndProject
Global
	GlobalSection(SolutionConfigurationPlatforms) = preSolution
		Debug|Any CPU = Debug|Any CPU
		Release|Any CPU = Release|Any CPU
	EndGlobalSection
	GlobalSection(ProjectConfigurationPlatforms) = postSolution
		{CE0A96B1-AB95-4858-B0D3-04E2D5E2FCAB}.Debug|Any CPU.ActiveCfg = Debug|Any CPU
		{CE0A96B1-AB95-4858-B0D3-04E2D5E2FCAB}.Debug|Any CPU.Build.0 = Debug|Any CPU
		{CE0A96B1-AB95-4858-B0D3-04E2D5E2FCAB}.Release|Any CPU.ActiveCfg = Release|Any CPU
		{CE0A96B1-AB95-4858-B0D3-04E2D5E2FCAB}.Release|Any CPU.Build.0 = Release|Any CPU
	EndGlobalSection
	GlobalSection(SolutionProperties) = preSolution
		HideSolutionNode = FALSE
	EndGlobalSection
	GlobalSection(ExtensibilityGlobals) = postSolution
		SolutionGuid = {4EB55800-B830-4354-8B40-D6488A6522BB}
	EndGlobalSection
EndGlobal
